// !$*UTF8*$!
{
	archiveVersion = 1;
	classes = {
	};
	objectVersion = 50;
	objects = {

/* Begin PBXBuildFile section */
		AB38A40725825E2000F5BF67 /* SearchView.swift in Sources */ = {isa = PBXBuildFile; fileRef = AB38A40625825E2000F5BF67 /* SearchView.swift */; };
		AB38A40C25825EF800F5BF67 /* SearchBarComponent.swift in Sources */ = {isa = PBXBuildFile; fileRef = AB38A40B25825EF800F5BF67 /* SearchBarComponent.swift */; };
		AB4B3E5A2583A28600CDFC91 /* MsgInputView.swift in Sources */ = {isa = PBXBuildFile; fileRef = AB4B3E592583A28600CDFC91 /* MsgInputView.swift */; };
		AB64C5A12582482C005BA342 /* TweetCellComponent.swift in Sources */ = {isa = PBXBuildFile; fileRef = AB64C5A02582482C005BA342 /* TweetCellComponent.swift */; };
		AB73A92825821FC500E21DC3 /* SwiftUIFirebase_TwitterCloneAppApp.swift in Sources */ = {isa = PBXBuildFile; fileRef = AB73A92725821FC500E21DC3 /* SwiftUIFirebase_TwitterCloneAppApp.swift */; };
		AB73A92A25821FC500E21DC3 /* MainView.swift in Sources */ = {isa = PBXBuildFile; fileRef = AB73A92925821FC500E21DC3 /* MainView.swift */; };
		AB73A92C25821FC600E21DC3 /* Assets.xcassets in Resources */ = {isa = PBXBuildFile; fileRef = AB73A92B25821FC600E21DC3 /* Assets.xcassets */; };
		AB73A92F25821FC600E21DC3 /* Preview Assets.xcassets in Resources */ = {isa = PBXBuildFile; fileRef = AB73A92E25821FC600E21DC3 /* Preview Assets.xcassets */; };
		AB73A93A25821FC600E21DC3 /* SwiftUIFirebase_TwitterCloneAppTests.swift in Sources */ = {isa = PBXBuildFile; fileRef = AB73A93925821FC600E21DC3 /* SwiftUIFirebase_TwitterCloneAppTests.swift */; };
		AB73A94525821FC600E21DC3 /* SwiftUIFirebase_TwitterCloneAppUITests.swift in Sources */ = {isa = PBXBuildFile; fileRef = AB73A94425821FC600E21DC3 /* SwiftUIFirebase_TwitterCloneAppUITests.swift */; };
		AB73A95B2582206B00E21DC3 /* LibTools.swift in Sources */ = {isa = PBXBuildFile; fileRef = AB73A95A2582206B00E21DC3 /* LibTools.swift */; };
		AB73A9632582207C00E21DC3 /* LibModifiers.swift in Sources */ = {isa = PBXBuildFile; fileRef = AB73A9622582207C00E21DC3 /* LibModifiers.swift */; };
		AB73A97F258237F900E21DC3 /* FeedView.swift in Sources */ = {isa = PBXBuildFile; fileRef = AB73A97E258237F900E21DC3 /* FeedView.swift */; };
		AB73A984258238D100E21DC3 /* LibStructs.swift in Sources */ = {isa = PBXBuildFile; fileRef = AB73A983258238D100E21DC3 /* LibStructs.swift */; };
		AB7543312582A9EB00430821 /* UserCellView.swift in Sources */ = {isa = PBXBuildFile; fileRef = AB7543302582A9EB00430821 /* UserCellView.swift */; };
		AB75433D2582B6BC00430821 /* ConversationsView.swift in Sources */ = {isa = PBXBuildFile; fileRef = AB75433C2582B6BC00430821 /* ConversationsView.swift */; };
		AB7543452582B71500430821 /* ConvoCellComponent.swift in Sources */ = {isa = PBXBuildFile; fileRef = AB7543442582B71500430821 /* ConvoCellComponent.swift */; };
		AB75E2BE25824C6B008C3AAF /* CircleImageComponent.swift in Sources */ = {isa = PBXBuildFile; fileRef = AB75E2BD25824C6B008C3AAF /* CircleImageComponent.swift */; };
		AB75E2D225825AB8008C3AAF /* TweetCellButtonComponentView.swift in Sources */ = {isa = PBXBuildFile; fileRef = AB75E2D125825AB8008C3AAF /* TweetCellButtonComponentView.swift */; };
/* End PBXBuildFile section */

/* Begin PBXContainerItemProxy section */
		AB73A93625821FC600E21DC3 /* PBXContainerItemProxy */ = {
			isa = PBXContainerItemProxy;
			containerPortal = AB73A91C25821FC500E21DC3 /* Project object */;
			proxyType = 1;
			remoteGlobalIDString = AB73A92325821FC500E21DC3;
			remoteInfo = SwiftUIFirebase_TwitterCloneApp;
		};
		AB73A94125821FC600E21DC3 /* PBXContainerItemProxy */ = {
			isa = PBXContainerItemProxy;
			containerPortal = AB73A91C25821FC500E21DC3 /* Project object */;
			proxyType = 1;
			remoteGlobalIDString = AB73A92325821FC500E21DC3;
			remoteInfo = SwiftUIFirebase_TwitterCloneApp;
		};
/* End PBXContainerItemProxy section */

/* Begin PBXFileReference section */
		AB38A40625825E2000F5BF67 /* SearchView.swift */ = {isa = PBXFileReference; lastKnownFileType = sourcecode.swift; path = SearchView.swift; sourceTree = "<group>"; };
		AB38A40B25825EF800F5BF67 /* SearchBarComponent.swift */ = {isa = PBXFileReference; lastKnownFileType = sourcecode.swift; path = SearchBarComponent.swift; sourceTree = "<group>"; };
		AB4B3E592583A28600CDFC91 /* MsgInputView.swift */ = {isa = PBXFileReference; lastKnownFileType = sourcecode.swift; path = MsgInputView.swift; sourceTree = "<group>"; };
		AB64C5A02582482C005BA342 /* TweetCellComponent.swift */ = {isa = PBXFileReference; lastKnownFileType = sourcecode.swift; path = TweetCellComponent.swift; sourceTree = "<group>"; };
		AB73A92425821FC500E21DC3 /* SwiftUIFirebase_TwitterCloneApp.app */ = {isa = PBXFileReference; explicitFileType = wrapper.application; includeInIndex = 0; path = SwiftUIFirebase_TwitterCloneApp.app; sourceTree = BUILT_PRODUCTS_DIR; };
		AB73A92725821FC500E21DC3 /* SwiftUIFirebase_TwitterCloneAppApp.swift */ = {isa = PBXFileReference; lastKnownFileType = sourcecode.swift; path = SwiftUIFirebase_TwitterCloneAppApp.swift; sourceTree = "<group>"; };
		AB73A92925821FC500E21DC3 /* MainView.swift */ = {isa = PBXFileReference; lastKnownFileType = sourcecode.swift; path = MainView.swift; sourceTree = "<group>"; };
		AB73A92B25821FC600E21DC3 /* Assets.xcassets */ = {isa = PBXFileReference; lastKnownFileType = folder.assetcatalog; path = Assets.xcassets; sourceTree = "<group>"; };
		AB73A92E25821FC600E21DC3 /* Preview Assets.xcassets */ = {isa = PBXFileReference; lastKnownFileType = folder.assetcatalog; path = "Preview Assets.xcassets"; sourceTree = "<group>"; };
		AB73A93025821FC600E21DC3 /* Info.plist */ = {isa = PBXFileReference; lastKnownFileType = text.plist.xml; path = Info.plist; sourceTree = "<group>"; };
		AB73A93525821FC600E21DC3 /* SwiftUIFirebase_TwitterCloneAppTests.xctest */ = {isa = PBXFileReference; explicitFileType = wrapper.cfbundle; includeInIndex = 0; path = SwiftUIFirebase_TwitterCloneAppTests.xctest; sourceTree = BUILT_PRODUCTS_DIR; };
		AB73A93925821FC600E21DC3 /* SwiftUIFirebase_TwitterCloneAppTests.swift */ = {isa = PBXFileReference; lastKnownFileType = sourcecode.swift; path = SwiftUIFirebase_TwitterCloneAppTests.swift; sourceTree = "<group>"; };
		AB73A93B25821FC600E21DC3 /* Info.plist */ = {isa = PBXFileReference; lastKnownFileType = text.plist.xml; path = Info.plist; sourceTree = "<group>"; };
		AB73A94025821FC600E21DC3 /* SwiftUIFirebase_TwitterCloneAppUITests.xctest */ = {isa = PBXFileReference; explicitFileType = wrapper.cfbundle; includeInIndex = 0; path = SwiftUIFirebase_TwitterCloneAppUITests.xctest; sourceTree = BUILT_PRODUCTS_DIR; };
		AB73A94425821FC600E21DC3 /* SwiftUIFirebase_TwitterCloneAppUITests.swift */ = {isa = PBXFileReference; lastKnownFileType = sourcecode.swift; path = SwiftUIFirebase_TwitterCloneAppUITests.swift; sourceTree = "<group>"; };
		AB73A94625821FC600E21DC3 /* Info.plist */ = {isa = PBXFileReference; lastKnownFileType = text.plist.xml; path = Info.plist; sourceTree = "<group>"; };
		AB73A95A2582206B00E21DC3 /* LibTools.swift */ = {isa = PBXFileReference; lastKnownFileType = sourcecode.swift; path = LibTools.swift; sourceTree = "<group>"; };
		AB73A9622582207C00E21DC3 /* LibModifiers.swift */ = {isa = PBXFileReference; lastKnownFileType = sourcecode.swift; path = LibModifiers.swift; sourceTree = "<group>"; };
		AB73A97E258237F900E21DC3 /* FeedView.swift */ = {isa = PBXFileReference; lastKnownFileType = sourcecode.swift; path = FeedView.swift; sourceTree = "<group>"; };
		AB73A983258238D100E21DC3 /* LibStructs.swift */ = {isa = PBXFileReference; lastKnownFileType = sourcecode.swift; path = LibStructs.swift; sourceTree = "<group>"; };
		AB7543302582A9EB00430821 /* UserCellView.swift */ = {isa = PBXFileReference; lastKnownFileType = sourcecode.swift; path = UserCellView.swift; sourceTree = "<group>"; };
		AB75433C2582B6BC00430821 /* ConversationsView.swift */ = {isa = PBXFileReference; lastKnownFileType = sourcecode.swift; path = ConversationsView.swift; sourceTree = "<group>"; };
		AB7543442582B71500430821 /* ConvoCellComponent.swift */ = {isa = PBXFileReference; lastKnownFileType = sourcecode.swift; path = ConvoCellComponent.swift; sourceTree = "<group>"; };
		AB75E2BD25824C6B008C3AAF /* CircleImageComponent.swift */ = {isa = PBXFileReference; lastKnownFileType = sourcecode.swift; path = CircleImageComponent.swift; sourceTree = "<group>"; };
		AB75E2D125825AB8008C3AAF /* TweetCellButtonComponentView.swift */ = {isa = PBXFileReference; lastKnownFileType = sourcecode.swift; path = TweetCellButtonComponentView.swift; sourceTree = "<group>"; };
/* End PBXFileReference section */

/* Begin PBXFrameworksBuildPhase section */
		AB73A92125821FC500E21DC3 /* Frameworks */ = {
			isa = PBXFrameworksBuildPhase;
			buildActionMask = 2147483647;
			files = (
			);
			runOnlyForDeploymentPostprocessing = 0;
		};
		AB73A93225821FC600E21DC3 /* Frameworks */ = {
			isa = PBXFrameworksBuildPhase;
			buildActionMask = 2147483647;
			files = (
			);
			runOnlyForDeploymentPostprocessing = 0;
		};
		AB73A93D25821FC600E21DC3 /* Frameworks */ = {
			isa = PBXFrameworksBuildPhase;
			buildActionMask = 2147483647;
			files = (
			);
			runOnlyForDeploymentPostprocessing = 0;
		};
/* End PBXFrameworksBuildPhase section */

/* Begin PBXGroup section */
		AB73A91B25821FC500E21DC3 = {
			isa = PBXGroup;
			children = (
				AB73A92625821FC500E21DC3 /* SwiftUIFirebase_TwitterCloneApp */,
				AB73A93825821FC600E21DC3 /* SwiftUIFirebase_TwitterCloneAppTests */,
				AB73A94325821FC600E21DC3 /* SwiftUIFirebase_TwitterCloneAppUITests */,
				AB73A92525821FC500E21DC3 /* Products */,
			);
			sourceTree = "<group>";
		};
		AB73A92525821FC500E21DC3 /* Products */ = {
			isa = PBXGroup;
			children = (
				AB73A92425821FC500E21DC3 /* SwiftUIFirebase_TwitterCloneApp.app */,
				AB73A93525821FC600E21DC3 /* SwiftUIFirebase_TwitterCloneAppTests.xctest */,
				AB73A94025821FC600E21DC3 /* SwiftUIFirebase_TwitterCloneAppUITests.xctest */,
			);
			name = Products;
			sourceTree = "<group>";
		};
		AB73A92625821FC500E21DC3 /* SwiftUIFirebase_TwitterCloneApp */ = {
			isa = PBXGroup;
			children = (
				AB73A977258237BC00E21DC3 /* App */,
				AB73A9762582378A00E21DC3 /* Models */,
				AB73A96A2582241100E21DC3 /* Views */,
				AB73A9752582378800E21DC3 /* ViewModels */,
				AB73A9582582204E00E21DC3 /* Res */,
				AB73A92B25821FC600E21DC3 /* Assets.xcassets */,
				AB73A92D25821FC600E21DC3 /* Preview Content */,
			);
			path = SwiftUIFirebase_TwitterCloneApp;
			sourceTree = "<group>";
		};
		AB73A92D25821FC600E21DC3 /* Preview Content */ = {
			isa = PBXGroup;
			children = (
				AB73A92E25821FC600E21DC3 /* Preview Assets.xcassets */,
			);
			path = "Preview Content";
			sourceTree = "<group>";
		};
		AB73A93825821FC600E21DC3 /* SwiftUIFirebase_TwitterCloneAppTests */ = {
			isa = PBXGroup;
			children = (
				AB73A93925821FC600E21DC3 /* SwiftUIFirebase_TwitterCloneAppTests.swift */,
				AB73A93B25821FC600E21DC3 /* Info.plist */,
			);
			path = SwiftUIFirebase_TwitterCloneAppTests;
			sourceTree = "<group>";
		};
		AB73A94325821FC600E21DC3 /* SwiftUIFirebase_TwitterCloneAppUITests */ = {
			isa = PBXGroup;
			children = (
				AB73A94425821FC600E21DC3 /* SwiftUIFirebase_TwitterCloneAppUITests.swift */,
				AB73A94625821FC600E21DC3 /* Info.plist */,
			);
			path = SwiftUIFirebase_TwitterCloneAppUITests;
			sourceTree = "<group>";
		};
		AB73A9582582204E00E21DC3 /* Res */ = {
			isa = PBXGroup;
			children = (
				AB73A9592582205900E21DC3 /* Lib */,
				AB73A93025821FC600E21DC3 /* Info.plist */,
			);
			path = Res;
			sourceTree = "<group>";
		};
		AB73A9592582205900E21DC3 /* Lib */ = {
			isa = PBXGroup;
			children = (
				AB73A95A2582206B00E21DC3 /* LibTools.swift */,
				AB73A9622582207C00E21DC3 /* LibModifiers.swift */,
				AB73A983258238D100E21DC3 /* LibStructs.swift */,
			);
			path = Lib;
			sourceTree = "<group>";
		};
		AB73A96A2582241100E21DC3 /* Views */ = {
			isa = PBXGroup;
			children = (
				AB75433B2582B67200430821 /* MessageViews+Components */,
				AB73A96B2582241700E21DC3 /* ComponentViews */,
				AB73A97E258237F900E21DC3 /* FeedView.swift */,
				AB38A40625825E2000F5BF67 /* SearchView.swift */,
				AB7543302582A9EB00430821 /* UserCellView.swift */,
			);
			path = Views;
			sourceTree = "<group>";
		};
		AB73A96B2582241700E21DC3 /* ComponentViews */ = {
			isa = PBXGroup;
			children = (
				AB64C5A02582482C005BA342 /* TweetCellComponent.swift */,
				AB75E2BD25824C6B008C3AAF /* CircleImageComponent.swift */,
				AB75E2D125825AB8008C3AAF /* TweetCellButtonComponentView.swift */,
				AB38A40B25825EF800F5BF67 /* SearchBarComponent.swift */,
			);
			path = ComponentViews;
			sourceTree = "<group>";
		};
		AB73A9752582378800E21DC3 /* ViewModels */ = {
			isa = PBXGroup;
			children = (
			);
			path = ViewModels;
			sourceTree = "<group>";
		};
		AB73A9762582378A00E21DC3 /* Models */ = {
			isa = PBXGroup;
			children = (
			);
			path = Models;
			sourceTree = "<group>";
		};
		AB73A977258237BC00E21DC3 /* App */ = {
			isa = PBXGroup;
			children = (
				AB73A92725821FC500E21DC3 /* SwiftUIFirebase_TwitterCloneAppApp.swift */,
				AB73A92925821FC500E21DC3 /* MainView.swift */,
			);
			path = App;
			sourceTree = "<group>";
		};
		AB75433B2582B67200430821 /* MessageViews+Components */ = {
			isa = PBXGroup;
			children = (
				AB75433C2582B6BC00430821 /* ConversationsView.swift */,
				AB7543442582B71500430821 /* ConvoCellComponent.swift */,
				AB4B3E592583A28600CDFC91 /* MsgInputView.swift */,
			);
			path = "MessageViews+Components";
			sourceTree = "<group>";
		};
/* End PBXGroup section */

/* Begin PBXNativeTarget section */
		AB73A92325821FC500E21DC3 /* SwiftUIFirebase_TwitterCloneApp */ = {
			isa = PBXNativeTarget;
			buildConfigurationList = AB73A94925821FC600E21DC3 /* Build configuration list for PBXNativeTarget "SwiftUIFirebase_TwitterCloneApp" */;
			buildPhases = (
				AB73A92025821FC500E21DC3 /* Sources */,
				AB73A92125821FC500E21DC3 /* Frameworks */,
				AB73A92225821FC500E21DC3 /* Resources */,
			);
			buildRules = (
			);
			dependencies = (
			);
			name = SwiftUIFirebase_TwitterCloneApp;
			productName = SwiftUIFirebase_TwitterCloneApp;
			productReference = AB73A92425821FC500E21DC3 /* SwiftUIFirebase_TwitterCloneApp.app */;
			productType = "com.apple.product-type.application";
		};
		AB73A93425821FC600E21DC3 /* SwiftUIFirebase_TwitterCloneAppTests */ = {
			isa = PBXNativeTarget;
			buildConfigurationList = AB73A94C25821FC600E21DC3 /* Build configuration list for PBXNativeTarget "SwiftUIFirebase_TwitterCloneAppTests" */;
			buildPhases = (
				AB73A93125821FC600E21DC3 /* Sources */,
				AB73A93225821FC600E21DC3 /* Frameworks */,
				AB73A93325821FC600E21DC3 /* Resources */,
			);
			buildRules = (
			);
			dependencies = (
				AB73A93725821FC600E21DC3 /* PBXTargetDependency */,
			);
			name = SwiftUIFirebase_TwitterCloneAppTests;
			productName = SwiftUIFirebase_TwitterCloneAppTests;
			productReference = AB73A93525821FC600E21DC3 /* SwiftUIFirebase_TwitterCloneAppTests.xctest */;
			productType = "com.apple.product-type.bundle.unit-test";
		};
		AB73A93F25821FC600E21DC3 /* SwiftUIFirebase_TwitterCloneAppUITests */ = {
			isa = PBXNativeTarget;
			buildConfigurationList = AB73A94F25821FC600E21DC3 /* Build configuration list for PBXNativeTarget "SwiftUIFirebase_TwitterCloneAppUITests" */;
			buildPhases = (
				AB73A93C25821FC600E21DC3 /* Sources */,
				AB73A93D25821FC600E21DC3 /* Frameworks */,
				AB73A93E25821FC600E21DC3 /* Resources */,
			);
			buildRules = (
			);
			dependencies = (
				AB73A94225821FC600E21DC3 /* PBXTargetDependency */,
			);
			name = SwiftUIFirebase_TwitterCloneAppUITests;
			productName = SwiftUIFirebase_TwitterCloneAppUITests;
			productReference = AB73A94025821FC600E21DC3 /* SwiftUIFirebase_TwitterCloneAppUITests.xctest */;
			productType = "com.apple.product-type.bundle.ui-testing";
		};
/* End PBXNativeTarget section */

/* Begin PBXProject section */
		AB73A91C25821FC500E21DC3 /* Project object */ = {
			isa = PBXProject;
			attributes = {
				LastSwiftUpdateCheck = 1220;
				LastUpgradeCheck = 1220;
				TargetAttributes = {
					AB73A92325821FC500E21DC3 = {
						CreatedOnToolsVersion = 12.2;
					};
					AB73A93425821FC600E21DC3 = {
						CreatedOnToolsVersion = 12.2;
						TestTargetID = AB73A92325821FC500E21DC3;
					};
					AB73A93F25821FC600E21DC3 = {
						CreatedOnToolsVersion = 12.2;
						TestTargetID = AB73A92325821FC500E21DC3;
					};
				};
			};
			buildConfigurationList = AB73A91F25821FC500E21DC3 /* Build configuration list for PBXProject "SwiftUIFirebase_TwitterCloneApp" */;
			compatibilityVersion = "Xcode 9.3";
			developmentRegion = en;
			hasScannedForEncodings = 0;
			knownRegions = (
				en,
				Base,
			);
			mainGroup = AB73A91B25821FC500E21DC3;
			productRefGroup = AB73A92525821FC500E21DC3 /* Products */;
			projectDirPath = "";
			projectRoot = "";
			targets = (
				AB73A92325821FC500E21DC3 /* SwiftUIFirebase_TwitterCloneApp */,
				AB73A93425821FC600E21DC3 /* SwiftUIFirebase_TwitterCloneAppTests */,
				AB73A93F25821FC600E21DC3 /* SwiftUIFirebase_TwitterCloneAppUITests */,
			);
		};
/* End PBXProject section */

/* Begin PBXResourcesBuildPhase section */
		AB73A92225821FC500E21DC3 /* Resources */ = {
			isa = PBXResourcesBuildPhase;
			buildActionMask = 2147483647;
			files = (
				AB73A92F25821FC600E21DC3 /* Preview Assets.xcassets in Resources */,
				AB73A92C25821FC600E21DC3 /* Assets.xcassets in Resources */,
			);
			runOnlyForDeploymentPostprocessing = 0;
		};
		AB73A93325821FC600E21DC3 /* Resources */ = {
			isa = PBXResourcesBuildPhase;
			buildActionMask = 2147483647;
			files = (
			);
			runOnlyForDeploymentPostprocessing = 0;
		};
		AB73A93E25821FC600E21DC3 /* Resources */ = {
			isa = PBXResourcesBuildPhase;
			buildActionMask = 2147483647;
			files = (
			);
			runOnlyForDeploymentPostprocessing = 0;
		};
/* End PBXResourcesBuildPhase section */

/* Begin PBXSourcesBuildPhase section */
		AB73A92025821FC500E21DC3 /* Sources */ = {
			isa = PBXSourcesBuildPhase;
			buildActionMask = 2147483647;
			files = (
				AB38A40725825E2000F5BF67 /* SearchView.swift in Sources */,
				AB7543452582B71500430821 /* ConvoCellComponent.swift in Sources */,
				AB73A97F258237F900E21DC3 /* FeedView.swift in Sources */,
				AB73A92A25821FC500E21DC3 /* MainView.swift in Sources */,
				AB73A984258238D100E21DC3 /* LibStructs.swift in Sources */,
				AB73A95B2582206B00E21DC3 /* LibTools.swift in Sources */,
				AB75E2BE25824C6B008C3AAF /* CircleImageComponent.swift in Sources */,
				AB75E2D225825AB8008C3AAF /* TweetCellButtonComponentView.swift in Sources */,
				AB75433D2582B6BC00430821 /* ConversationsView.swift in Sources */,
				AB4B3E5A2583A28600CDFC91 /* MsgInputView.swift in Sources */,
				AB7543312582A9EB00430821 /* UserCellView.swift in Sources */,
				AB38A40C25825EF800F5BF67 /* SearchBarComponent.swift in Sources */,
				AB64C5A12582482C005BA342 /* TweetCellComponent.swift in Sources */,
				AB73A9632582207C00E21DC3 /* LibModifiers.swift in Sources */,
				AB73A92825821FC500E21DC3 /* SwiftUIFirebase_TwitterCloneAppApp.swift in Sources */,
			);
			runOnlyForDeploymentPostprocessing = 0;
		};
		AB73A93125821FC600E21DC3 /* Sources */ = {
			isa = PBXSourcesBuildPhase;
			buildActionMask = 2147483647;
			files = (
				AB73A93A25821FC600E21DC3 /* SwiftUIFirebase_TwitterCloneAppTests.swift in Sources */,
			);
			runOnlyForDeploymentPostprocessing = 0;
		};
		AB73A93C25821FC600E21DC3 /* Sources */ = {
			isa = PBXSourcesBuildPhase;
			buildActionMask = 2147483647;
			files = (
				AB73A94525821FC600E21DC3 /* SwiftUIFirebase_TwitterCloneAppUITests.swift in Sources */,
			);
			runOnlyForDeploymentPostprocessing = 0;
		};
/* End PBXSourcesBuildPhase section */

/* Begin PBXTargetDependency section */
		AB73A93725821FC600E21DC3 /* PBXTargetDependency */ = {
			isa = PBXTargetDependency;
			target = AB73A92325821FC500E21DC3 /* SwiftUIFirebase_TwitterCloneApp */;
			targetProxy = AB73A93625821FC600E21DC3 /* PBXContainerItemProxy */;
		};
		AB73A94225821FC600E21DC3 /* PBXTargetDependency */ = {
			isa = PBXTargetDependency;
			target = AB73A92325821FC500E21DC3 /* SwiftUIFirebase_TwitterCloneApp */;
			targetProxy = AB73A94125821FC600E21DC3 /* PBXContainerItemProxy */;
		};
/* End PBXTargetDependency section */

/* Begin XCBuildConfiguration section */
		AB73A94725821FC600E21DC3 /* Debug */ = {
			isa = XCBuildConfiguration;
			buildSettings = {
				ALWAYS_SEARCH_USER_PATHS = NO;
				CLANG_ANALYZER_NONNULL = YES;
				CLANG_ANALYZER_NUMBER_OBJECT_CONVERSION = YES_AGGRESSIVE;
				CLANG_CXX_LANGUAGE_STANDARD = "gnu++14";
				CLANG_CXX_LIBRARY = "libc++";
				CLANG_ENABLE_MODULES = YES;
				CLANG_ENABLE_OBJC_ARC = YES;
				CLANG_ENABLE_OBJC_WEAK = YES;
				CLANG_WARN_BLOCK_CAPTURE_AUTORELEASING = YES;
				CLANG_WARN_BOOL_CONVERSION = YES;
				CLANG_WARN_COMMA = YES;
				CLANG_WARN_CONSTANT_CONVERSION = YES;
				CLANG_WARN_DEPRECATED_OBJC_IMPLEMENTATIONS = YES;
				CLANG_WARN_DIRECT_OBJC_ISA_USAGE = YES_ERROR;
				CLANG_WARN_DOCUMENTATION_COMMENTS = YES;
				CLANG_WARN_EMPTY_BODY = YES;
				CLANG_WARN_ENUM_CONVERSION = YES;
				CLANG_WARN_INFINITE_RECURSION = YES;
				CLANG_WARN_INT_CONVERSION = YES;
				CLANG_WARN_NON_LITERAL_NULL_CONVERSION = YES;
				CLANG_WARN_OBJC_IMPLICIT_RETAIN_SELF = YES;
				CLANG_WARN_OBJC_LITERAL_CONVERSION = YES;
				CLANG_WARN_OBJC_ROOT_CLASS = YES_ERROR;
				CLANG_WARN_QUOTED_INCLUDE_IN_FRAMEWORK_HEADER = YES;
				CLANG_WARN_RANGE_LOOP_ANALYSIS = YES;
				CLANG_WARN_STRICT_PROTOTYPES = YES;
				CLANG_WARN_SUSPICIOUS_MOVE = YES;
				CLANG_WARN_UNGUARDED_AVAILABILITY = YES_AGGRESSIVE;
				CLANG_WARN_UNREACHABLE_CODE = YES;
				CLANG_WARN__DUPLICATE_METHOD_MATCH = YES;
				COPY_PHASE_STRIP = NO;
				DEBUG_INFORMATION_FORMAT = dwarf;
				ENABLE_STRICT_OBJC_MSGSEND = YES;
				ENABLE_TESTABILITY = YES;
				GCC_C_LANGUAGE_STANDARD = gnu11;
				GCC_DYNAMIC_NO_PIC = NO;
				GCC_NO_COMMON_BLOCKS = YES;
				GCC_OPTIMIZATION_LEVEL = 0;
				GCC_PREPROCESSOR_DEFINITIONS = (
					"DEBUG=1",
					"$(inherited)",
				);
				GCC_WARN_64_TO_32_BIT_CONVERSION = YES;
				GCC_WARN_ABOUT_RETURN_TYPE = YES_ERROR;
				GCC_WARN_UNDECLARED_SELECTOR = YES;
				GCC_WARN_UNINITIALIZED_AUTOS = YES_AGGRESSIVE;
				GCC_WARN_UNUSED_FUNCTION = YES;
				GCC_WARN_UNUSED_VARIABLE = YES;
				IPHONEOS_DEPLOYMENT_TARGET = 14.2;
				MTL_ENABLE_DEBUG_INFO = INCLUDE_SOURCE;
				MTL_FAST_MATH = YES;
				ONLY_ACTIVE_ARCH = YES;
				SDKROOT = iphoneos;
				SWIFT_ACTIVE_COMPILATION_CONDITIONS = DEBUG;
				SWIFT_OPTIMIZATION_LEVEL = "-Onone";
			};
			name = Debug;
		};
		AB73A94825821FC600E21DC3 /* Release */ = {
			isa = XCBuildConfiguration;
			buildSettings = {
				ALWAYS_SEARCH_USER_PATHS = NO;
				CLANG_ANALYZER_NONNULL = YES;
				CLANG_ANALYZER_NUMBER_OBJECT_CONVERSION = YES_AGGRESSIVE;
				CLANG_CXX_LANGUAGE_STANDARD = "gnu++14";
				CLANG_CXX_LIBRARY = "libc++";
				CLANG_ENABLE_MODULES = YES;
				CLANG_ENABLE_OBJC_ARC = YES;
				CLANG_ENABLE_OBJC_WEAK = YES;
				CLANG_WARN_BLOCK_CAPTURE_AUTORELEASING = YES;
				CLANG_WARN_BOOL_CONVERSION = YES;
				CLANG_WARN_COMMA = YES;
				CLANG_WARN_CONSTANT_CONVERSION = YES;
				CLANG_WARN_DEPRECATED_OBJC_IMPLEMENTATIONS = YES;
				CLANG_WARN_DIRECT_OBJC_ISA_USAGE = YES_ERROR;
				CLANG_WARN_DOCUMENTATION_COMMENTS = YES;
				CLANG_WARN_EMPTY_BODY = YES;
				CLANG_WARN_ENUM_CONVERSION = YES;
				CLANG_WARN_INFINITE_RECURSION = YES;
				CLANG_WARN_INT_CONVERSION = YES;
				CLANG_WARN_NON_LITERAL_NULL_CONVERSION = YES;
				CLANG_WARN_OBJC_IMPLICIT_RETAIN_SELF = YES;
				CLANG_WARN_OBJC_LITERAL_CONVERSION = YES;
				CLANG_WARN_OBJC_ROOT_CLASS = YES_ERROR;
				CLANG_WARN_QUOTED_INCLUDE_IN_FRAMEWORK_HEADER = YES;
				CLANG_WARN_RANGE_LOOP_ANALYSIS = YES;
				CLANG_WARN_STRICT_PROTOTYPES = YES;
				CLANG_WARN_SUSPICIOUS_MOVE = YES;
				CLANG_WARN_UNGUARDED_AVAILABILITY = YES_AGGRESSIVE;
				CLANG_WARN_UNREACHABLE_CODE = YES;
				CLANG_WARN__DUPLICATE_METHOD_MATCH = YES;
				COPY_PHASE_STRIP = NO;
				DEBUG_INFORMATION_FORMAT = "dwarf-with-dsym";
				ENABLE_NS_ASSERTIONS = NO;
				ENABLE_STRICT_OBJC_MSGSEND = YES;
				GCC_C_LANGUAGE_STANDARD = gnu11;
				GCC_NO_COMMON_BLOCKS = YES;
				GCC_WARN_64_TO_32_BIT_CONVERSION = YES;
				GCC_WARN_ABOUT_RETURN_TYPE = YES_ERROR;
				GCC_WARN_UNDECLARED_SELECTOR = YES;
				GCC_WARN_UNINITIALIZED_AUTOS = YES_AGGRESSIVE;
				GCC_WARN_UNUSED_FUNCTION = YES;
				GCC_WARN_UNUSED_VARIABLE = YES;
				IPHONEOS_DEPLOYMENT_TARGET = 14.2;
				MTL_ENABLE_DEBUG_INFO = NO;
				MTL_FAST_MATH = YES;
				SDKROOT = iphoneos;
				SWIFT_COMPILATION_MODE = wholemodule;
				SWIFT_OPTIMIZATION_LEVEL = "-O";
				VALIDATE_PRODUCT = YES;
			};
			name = Release;
		};
		AB73A94A25821FC600E21DC3 /* Debug */ = {
			isa = XCBuildConfiguration;
			buildSettings = {
				ASSETCATALOG_COMPILER_APPICON_NAME = AppIcon;
				ASSETCATALOG_COMPILER_GLOBAL_ACCENT_COLOR_NAME = AccentColor;
				CODE_SIGN_STYLE = Automatic;
				DEVELOPMENT_ASSET_PATHS = "\"SwiftUIFirebase_TwitterCloneApp/Preview Content\"";
				DEVELOPMENT_TEAM = 8R94WS9HFC;
				ENABLE_PREVIEWS = YES;
				INFOPLIST_FILE = SwiftUIFirebase_TwitterCloneApp/Res/Info.plist;
				IPHONEOS_DEPLOYMENT_TARGET = 14.0;
				LD_RUNPATH_SEARCH_PATHS = (
					"$(inherited)",
					"@executable_path/Frameworks",
				);
				PRODUCT_BUNDLE_IDENTIFIER = "com.alias111.SwiftUIFirebase-TwitterCloneApp";
				PRODUCT_NAME = "$(TARGET_NAME)";
				SWIFT_VERSION = 5.0;
				TARGETED_DEVICE_FAMILY = "1,2";
			};
			name = Debug;
		};
		AB73A94B25821FC600E21DC3 /* Release */ = {
			isa = XCBuildConfiguration;
			buildSettings = {
				ASSETCATALOG_COMPILER_APPICON_NAME = AppIcon;
				ASSETCATALOG_COMPILER_GLOBAL_ACCENT_COLOR_NAME = AccentColor;
				CODE_SIGN_STYLE = Automatic;
				DEVELOPMENT_ASSET_PATHS = "\"SwiftUIFirebase_TwitterCloneApp/Preview Content\"";
				DEVELOPMENT_TEAM = 8R94WS9HFC;
				ENABLE_PREVIEWS = YES;
				INFOPLIST_FILE = SwiftUIFirebase_TwitterCloneApp/Res/Info.plist;
				IPHONEOS_DEPLOYMENT_TARGET = 14.0;
				LD_RUNPATH_SEARCH_PATHS = (
					"$(inherited)",
					"@executable_path/Frameworks",
				);
				PRODUCT_BUNDLE_IDENTIFIER = "com.alias111.SwiftUIFirebase-TwitterCloneApp";
				PRODUCT_NAME = "$(TARGET_NAME)";
				SWIFT_VERSION = 5.0;
				TARGETED_DEVICE_FAMILY = "1,2";
			};
			name = Release;
		};
		AB73A94D25821FC600E21DC3 /* Debug */ = {
			isa = XCBuildConfiguration;
			buildSettings = {
				ALWAYS_EMBED_SWIFT_STANDARD_LIBRARIES = YES;
				BUNDLE_LOADER = "$(TEST_HOST)";
				CODE_SIGN_STYLE = Automatic;
				DEVELOPMENT_TEAM = 8R94WS9HFC;
				INFOPLIST_FILE = SwiftUIFirebase_TwitterCloneAppTests/Info.plist;
				IPHONEOS_DEPLOYMENT_TARGET = 14.0;
				LD_RUNPATH_SEARCH_PATHS = (
					"$(inherited)",
					"@executable_path/Frameworks",
					"@loader_path/Frameworks",
				);
				PRODUCT_BUNDLE_IDENTIFIER = "com.alias111.SwiftUIFirebase-TwitterCloneAppTests";
				PRODUCT_NAME = "$(TARGET_NAME)";
				SWIFT_VERSION = 5.0;
				TARGETED_DEVICE_FAMILY = "1,2";
				TEST_HOST = "$(BUILT_PRODUCTS_DIR)/SwiftUIFirebase_TwitterCloneApp.app/SwiftUIFirebase_TwitterCloneApp";
			};
			name = Debug;
		};
		AB73A94E25821FC600E21DC3 /* Release */ = {
			isa = XCBuildConfiguration;
			buildSettings = {
				ALWAYS_EMBED_SWIFT_STANDARD_LIBRARIES = YES;
				BUNDLE_LOADER = "$(TEST_HOST)";
				CODE_SIGN_STYLE = Automatic;
				DEVELOPMENT_TEAM = 8R94WS9HFC;
				INFOPLIST_FILE = SwiftUIFirebase_TwitterCloneAppTests/Info.plist;
				IPHONEOS_DEPLOYMENT_TARGET = 14.0;
				LD_RUNPATH_SEARCH_PATHS = (
					"$(inherited)",
					"@executable_path/Frameworks",
					"@loader_path/Frameworks",
				);
				PRODUCT_BUNDLE_IDENTIFIER = "com.alias111.SwiftUIFirebase-TwitterCloneAppTests";
				PRODUCT_NAME = "$(TARGET_NAME)";
				SWIFT_VERSION = 5.0;
				TARGETED_DEVICE_FAMILY = "1,2";
				TEST_HOST = "$(BUILT_PRODUCTS_DIR)/SwiftUIFirebase_TwitterCloneApp.app/SwiftUIFirebase_TwitterCloneApp";
			};
			name = Release;
		};
		AB73A95025821FC600E21DC3 /* Debug */ = {
			isa = XCBuildConfiguration;
			buildSettings = {
				ALWAYS_EMBED_SWIFT_STANDARD_LIBRARIES = YES;
				CODE_SIGN_STYLE = Automatic;
				DEVELOPMENT_TEAM = 8R94WS9HFC;
				INFOPLIST_FILE = SwiftUIFirebase_TwitterCloneAppUITests/Info.plist;
				LD_RUNPATH_SEARCH_PATHS = (
					"$(inherited)",
					"@executable_path/Frameworks",
					"@loader_path/Frameworks",
				);
				PRODUCT_BUNDLE_IDENTIFIER = "com.alias111.SwiftUIFirebase-TwitterCloneAppUITests";
				PRODUCT_NAME = "$(TARGET_NAME)";
				SWIFT_VERSION = 5.0;
				TARGETED_DEVICE_FAMILY = "1,2";
				TEST_TARGET_NAME = SwiftUIFirebase_TwitterCloneApp;
			};
			name = Debug;
		};
		AB73A95125821FC600E21DC3 /* Release */ = {
			isa = XCBuildConfiguration;
			buildSettings = {
				ALWAYS_EMBED_SWIFT_STANDARD_LIBRARIES = YES;
				CODE_SIGN_STYLE = Automatic;
				DEVELOPMENT_TEAM = 8R94WS9HFC;
				INFOPLIST_FILE = SwiftUIFirebase_TwitterCloneAppUITests/Info.plist;
				LD_RUNPATH_SEARCH_PATHS = (
					"$(inherited)",
					"@executable_path/Frameworks",
					"@loader_path/Frameworks",
				);
				PRODUCT_BUNDLE_IDENTIFIER = "com.alias111.SwiftUIFirebase-TwitterCloneAppUITests";
				PRODUCT_NAME = "$(TARGET_NAME)";
				SWIFT_VERSION = 5.0;
				TARGETED_DEVICE_FAMILY = "1,2";
				TEST_TARGET_NAME = SwiftUIFirebase_TwitterCloneApp;
			};
			name = Release;
		};
/* End XCBuildConfiguration section */

/* Begin XCConfigurationList section */
		AB73A91F25821FC500E21DC3 /* Build configuration list for PBXProject "SwiftUIFirebase_TwitterCloneApp" */ = {
			isa = XCConfigurationList;
			buildConfigurations = (
				AB73A94725821FC600E21DC3 /* Debug */,
				AB73A94825821FC600E21DC3 /* Release */,
			);
			defaultConfigurationIsVisible = 0;
			defaultConfigurationName = Release;
		};
		AB73A94925821FC600E21DC3 /* Build configuration list for PBXNativeTarget "SwiftUIFirebase_TwitterCloneApp" */ = {
			isa = XCConfigurationList;
			buildConfigurations = (
				AB73A94A25821FC600E21DC3 /* Debug */,
				AB73A94B25821FC600E21DC3 /* Release */,
			);
			defaultConfigurationIsVisible = 0;
			defaultConfigurationName = Release;
		};
		AB73A94C25821FC600E21DC3 /* Build configuration list for PBXNativeTarget "SwiftUIFirebase_TwitterCloneAppTests" */ = {
			isa = XCConfigurationList;
			buildConfigurations = (
				AB73A94D25821FC600E21DC3 /* Debug */,
				AB73A94E25821FC600E21DC3 /* Release */,
			);
			defaultConfigurationIsVisible = 0;
			defaultConfigurationName = Release;
		};
		AB73A94F25821FC600E21DC3 /* Build configuration list for PBXNativeTarget "SwiftUIFirebase_TwitterCloneAppUITests" */ = {
			isa = XCConfigurationList;
			buildConfigurations = (
				AB73A95025821FC600E21DC3 /* Debug */,
				AB73A95125821FC600E21DC3 /* Release */,
			);
			defaultConfigurationIsVisible = 0;
			defaultConfigurationName = Release;
		};
/* End XCConfigurationList section */
	};
	rootObject = AB73A91C25821FC500E21DC3 /* Project object */;
}
